
Microsoft Visual Studio Solution File, Format Version 12.00
# Visual Studio Version 17
VisualStudioVersion = 17.10.35013.160
MinimumVisualStudioVersion = 10.0.40219.1
Project("{FAE04EC0-301F-11D3-BF4B-00C04F79EFBC}") = "PersonApi", "PersonApi\PersonApi.csproj", "{DCCA5E30-C2F1-44F0-AC55-B60ABA54B9FA}"
EndProject
Global
	GlobalSection(SolutionConfigurationPlatforms) = preSolution
		Debug|Any CPU = Debug|Any CPU
		Release|Any CPU = Release|Any CPU
	EndGlobalSection
	GlobalSection(ProjectConfigurationPlatforms) = postSolution
		{DCCA5E30-C2F1-44F0-AC55-B60ABA54B9FA}.Debug|Any CPU.ActiveCfg = Debug|Any CPU
		{DCCA5E30-C2F1-44F0-AC55-B60ABA54B9FA}.Debug|Any CPU.Build.0 = Debug|Any CPU
		{DCCA5E30-C2F1-44F0-AC55-B60ABA54B9FA}.Release|Any CPU.ActiveCfg = Release|Any CPU
		{DCCA5E30-C2F1-44F0-AC55-B60ABA54B9FA}.Release|Any CPU.Build.0 = Release|Any CPU
	EndGlobalSection
	GlobalSection(SolutionProperties) = preSolution
		HideSolutionNode = FALSE
	EndGlobalSection
	GlobalSection(ExtensibilityGlobals) = postSolution
		SolutionGuid = {46FFDB7C-A9B0-47D1-8CF5-99B31F87B7F4}
	EndGlobalSection
EndGlobal
